// !$*UTF8*$!
{
	archiveVersion = 1;
	classes = {
	};
	objectVersion = 48;
	objects = {

/* Begin PBXBuildFile section */
		951E474E204EE4A30047B98D /* AppDelegate.swift in Sources */ = {isa = PBXBuildFile; fileRef = 951E474D204EE4A30047B98D /* AppDelegate.swift */; };
		951E4750204EE4A30047B98D /* ViewController.swift in Sources */ = {isa = PBXBuildFile; fileRef = 951E474F204EE4A30047B98D /* ViewController.swift */; };
		951E4753204EE4A30047B98D /* Main.storyboard in Resources */ = {isa = PBXBuildFile; fileRef = 951E4751204EE4A30047B98D /* Main.storyboard */; };
		951E4755204EE4A30047B98D /* Assets.xcassets in Resources */ = {isa = PBXBuildFile; fileRef = 951E4754204EE4A30047B98D /* Assets.xcassets */; };
		951E4758204EE4A30047B98D /* LaunchScreen.storyboard in Resources */ = {isa = PBXBuildFile; fileRef = 951E4756204EE4A30047B98D /* LaunchScreen.storyboard */; };
		951E4760204EE57C0047B98D /* CustomTableViewCell.swift in Sources */ = {isa = PBXBuildFile; fileRef = 951E475F204EE57C0047B98D /* CustomTableViewCell.swift */; };
		951E4762204EE7900047B98D /* messi.jpg in Resources */ = {isa = PBXBuildFile; fileRef = 951E4761204EE7900047B98D /* messi.jpg */; };
/* End PBXBuildFile section */

/* Begin PBXFileReference section */
		951E474A204EE4A30047B98D /* ExpandableTableViewExample.app */ = {isa = PBXFileReference; explicitFileType = wrapper.application; includeInIndex = 0; path = ExpandableTableViewExample.app; sourceTree = BUILT_PRODUCTS_DIR; };
		951E474D204EE4A30047B98D /* AppDelegate.swift */ = {isa = PBXFileReference; lastKnownFileType = sourcecode.swift; path = AppDelegate.swift; sourceTree = "<group>"; };
		951E474F204EE4A30047B98D /* ViewController.swift */ = {isa = PBXFileReference; lastKnownFileType = sourcecode.swift; path = ViewController.swift; sourceTree = "<group>"; };
		951E4752204EE4A30047B98D /* Base */ = {isa = PBXFileReference; lastKnownFileType = file.storyboard; name = Base; path = Base.lproj/Main.storyboard; sourceTree = "<group>"; };
		951E4754204EE4A30047B98D /* Assets.xcassets */ = {isa = PBXFileReference; lastKnownFileType = folder.assetcatalog; path = Assets.xcassets; sourceTree = "<group>"; };
		951E4757204EE4A30047B98D /* Base */ = {isa = PBXFileReference; lastKnownFileType = file.storyboard; name = Base; path = Base.lproj/LaunchScreen.storyboard; sourceTree = "<group>"; };
		951E4759204EE4A30047B98D /* Info.plist */ = {isa = PBXFileReference; lastKnownFileType = text.plist.xml; path = Info.plist; sourceTree = "<group>"; };
		951E475F204EE57C0047B98D /* CustomTableViewCell.swift */ = {isa = PBXFileReference; lastKnownFileType = sourcecode.swift; path = CustomTableViewCell.swift; sourceTree = "<group>"; };
		951E4761204EE7900047B98D /* messi.jpg */ = {isa = PBXFileReference; lastKnownFileType = image.jpeg; path = messi.jpg; sourceTree = "<group>"; };
/* End PBXFileReference section */

/* Begin PBXFrameworksBuildPhase section */
		951E4747204EE4A30047B98D /* Frameworks */ = {
			isa = PBXFrameworksBuildPhase;
			buildActionMask = 2147483647;
			files = (
			);
			runOnlyForDeploymentPostprocessing = 0;
		};
/* End PBXFrameworksBuildPhase section */

/* Begin PBXGroup section */
		951E4741204EE4A30047B98D = {
			isa = PBXGroup;
			children = (
				951E474C204EE4A30047B98D /* ExpandableTableViewExample */,
				951E474B204EE4A30047B98D /* Products */,
			);
			sourceTree = "<group>";
		};
		951E474B204EE4A30047B98D /* Products */ = {
			isa = PBXGroup;
			children = (
				951E474A204EE4A30047B98D /* ExpandableTableViewExample.app */,
			);
			name = Products;
			sourceTree = "<group>";
		};
		951E474C204EE4A30047B98D /* ExpandableTableViewExample */ = {
			isa = PBXGroup;
			children = (
				951E474D204EE4A30047B98D /* AppDelegate.swift */,
				951E474F204EE4A30047B98D /* ViewController.swift */,
				951E4751204EE4A30047B98D /* Main.storyboard */,
				951E475F204EE57C0047B98D /* CustomTableViewCell.swift */,
				951E4761204EE7900047B98D /* messi.jpg */,
				951E4754204EE4A30047B98D /* Assets.xcassets */,
				951E4756204EE4A30047B98D /* LaunchScreen.storyboard */,
				951E4759204EE4A30047B98D /* Info.plist */,
			);
			path = ExpandableTableViewExample;
			sourceTree = "<group>";
		};
/* End PBXGroup section */

/* Begin PBXNativeTarget section */
		951E4749204EE4A30047B98D /* ExpandableTableViewExample */ = {
			isa = PBXNativeTarget;
			buildConfigurationList = 951E475C204EE4A30047B98D /* Build configuration list for PBXNativeTarget "ExpandableTableViewExample" */;
			buildPhases = (
				951E4746204EE4A30047B98D /* Sources */,
				951E4747204EE4A30047B98D /* Frameworks */,
				951E4748204EE4A30047B98D /* Resources */,
			);
			buildRules = (
			);
			dependencies = (
			);
			name = ExpandableTableViewExample;
			productName = ExpandableTableViewExample;
			productReference = 951E474A204EE4A30047B98D /* ExpandableTableViewExample.app */;
			productType = "com.apple.product-type.application";
		};
/* End PBXNativeTarget section */

/* Begin PBXProject section */
		951E4742204EE4A30047B98D /* Project object */ = {
			isa = PBXProject;
			attributes = {
				LastSwiftUpdateCheck = 0920;
				LastUpgradeCheck = 0920;
				ORGANIZATIONNAME = "Prakhar Tripathi";
				TargetAttributes = {
					951E4749204EE4A30047B98D = {
						CreatedOnToolsVersion = 9.2;
						ProvisioningStyle = Automatic;
					};
				};
			};
			buildConfigurationList = 951E4745204EE4A30047B98D /* Build configuration list for PBXProject "ExpandableTableViewExample" */;
			compatibilityVersion = "Xcode 8.0";
			developmentRegion = en;
			hasScannedForEncodings = 0;
			knownRegions = (
				en,
				Base,
			);
			mainGroup = 951E4741204EE4A30047B98D;
			productRefGroup = 951E474B204EE4A30047B98D /* Products */;
			projectDirPath = "";
			projectRoot = "";
			targets = (
				951E4749204EE4A30047B98D /* ExpandableTableViewExample */,
			);
		};
/* End PBXProject section */

/* Begin PBXResourcesBuildPhase section */
		951E4748204EE4A30047B98D /* Resources */ = {
			isa = PBXResourcesBuildPhase;
			buildActionMask = 2147483647;
			files = (
				951E4758204EE4A30047B98D /* LaunchScreen.storyboard in Resources */,
				951E4762204EE7900047B98D /* messi.jpg in Resources */,
				951E4755204EE4A30047B98D /* Assets.xcassets in Resources */,
				951E4753204EE4A30047B98D /* Main.storyboard in Resources */,
			);
			runOnlyForDeploymentPostprocessing = 0;
		};
/* End PBXResourcesBuildPhase section */

/* Begin PBXSourcesBuildPhase section */
		951E4746204EE4A30047B98D /* Sources */ = {
			isa = PBXSourcesBuildPhase;
			buildActionMask = 2147483647;
			files = (
				951E4760204EE57C0047B98D /* CustomTableViewCell.swift in Sources */,
				951E4750204EE4A30047B98D /* ViewController.swift in Sources */,
				951E474E204EE4A30047B98D /* AppDelegate.swift in Sources */,
			);
			runOnlyForDeploymentPostprocessing = 0;
		};
/* End PBXSourcesBuildPhase section */

/* Begin PBXVariantGroup section */
		951E4751204EE4A30047B98D /* Main.storyboard */ = {
			isa = PBXVariantGroup;
			children = (
				951E4752204EE4A30047B98D /* Base */,
			);
			name = Main.storyboard;
			sourceTree = "<group>";
		};
		951E4756204EE4A30047B98D /* LaunchScreen.storyboard */ = {
			isa = PBXVariantGroup;
			children = (
				951E4757204EE4A30047B98D /* Base */,
			);
			name = LaunchScreen.storyboard;
			sourceTree = "<group>";
		};
/* End PBXVariantGroup section */

/* Begin XCBuildConfiguration section */
		951E475A204EE4A30047B98D /* Debug */ = {
			isa = XCBuildConfiguration;
			buildSettings = {
				ALWAYS_SEARCH_USER_PATHS = NO;
				CLANG_ANALYZER_NONNULL = YES;
				CLANG_ANALYZER_NUMBER_OBJECT_CONVERSION = YES_AGGRESSIVE;
				CLANG_CXX_LANGUAGE_STANDARD = "gnu++14";
				CLANG_CXX_LIBRARY = "libc++";
				CLANG_ENABLE_MODULES = YES;
				CLANG_ENABLE_OBJC_ARC = YES;
				CLANG_WARN_BLOCK_CAPTURE_AUTORELEASING = YES;
				CLANG_WARN_BOOL_CONVERSION = YES;
				CLANG_WARN_COMMA = YES;
				CLANG_WARN_CONSTANT_CONVERSION = YES;
				CLANG_WARN_DIRECT_OBJC_ISA_USAGE = YES_ERROR;
				CLANG_WARN_DOCUMENTATION_COMMENTS = YES;
				CLANG_WARN_EMPTY_BODY = YES;
				CLANG_WARN_ENUM_CONVERSION = YES;
				CLANG_WARN_INFINITE_RECURSION = YES;
				CLANG_WARN_INT_CONVERSION = YES;
				CLANG_WARN_NON_LITERAL_NULL_CONVERSION = YES;
				CLANG_WARN_OBJC_LITERAL_CONVERSION = YES;
				CLANG_WARN_OBJC_ROOT_CLASS = YES_ERROR;
				CLANG_WARN_RANGE_LOOP_ANALYSIS = YES;
				CLANG_WARN_STRICT_PROTOTYPES = YES;
				CLANG_WARN_SUSPICIOUS_MOVE = YES;
				CLANG_WARN_UNGUARDED_AVAILABILITY = YES_AGGRESSIVE;
				CLANG_WARN_UNREACHABLE_CODE = YES;
				CLANG_WARN__DUPLICATE_METHOD_MATCH = YES;
				CODE_SIGN_IDENTITY = "iPhone Developer";
				COPY_PHASE_STRIP = NO;
				DEBUG_INFORMATION_FORMAT = dwarf;
				ENABLE_STRICT_OBJC_MSGSEND = YES;
				ENABLE_TESTABILITY = YES;
				GCC_C_LANGUAGE_STANDARD = gnu11;
				GCC_DYNAMIC_NO_PIC = NO;
				GCC_NO_COMMON_BLOCKS = YES;
				GCC_OPTIMIZATION_LEVEL = 0;
				GCC_PREPROCESSOR_DEFINITIONS = (
					"DEBUG=1",
					"$(inherited)",
				);
				GCC_WARN_64_TO_32_BIT_CONVERSION = YES;
				GCC_WARN_ABOUT_RETURN_TYPE = YES_ERROR;
				GCC_WARN_UNDECLARED_SELECTOR = YES;
				GCC_WARN_UNINITIALIZED_AUTOS = YES_AGGRESSIVE;
				GCC_WARN_UNUSED_FUNCTION = YES;
				GCC_WARN_UNUSED_VARIABLE = YES;
				IPHONEOS_DEPLOYMENT_TARGET = 11.2;
				MTL_ENABLE_DEBUG_INFO = YES;
				ONLY_ACTIVE_ARCH = YES;
				SDKROOT = iphoneos;
				SWIFT_ACTIVE_COMPILATION_CONDITIONS = DEBUG;
				SWIFT_OPTIMIZATION_LEVEL = "-Onone";
			};
			name = Debug;
		};
		951E475B204EE4A30047B98D /* Release */ = {
			isa = XCBuildConfiguration;
			buildSettings = {
				ALWAYS_SEARCH_USER_PATHS = NO;
				CLANG_ANALYZER_NONNULL = YES;
				CLANG_ANALYZER_NUMBER_OBJECT_CONVERSION = YES_AGGRESSIVE;
				CLANG_CXX_LANGUAGE_STANDARD = "gnu++14";
				CLANG_CXX_LIBRARY = "libc++";
				CLANG_ENABLE_MODULES = YES;
				CLANG_ENABLE_OBJC_ARC = YES;
				CLANG_WARN_BLOCK_CAPTURE_AUTORELEASING = YES;
				CLANG_WARN_BOOL_CONVERSION = YES;
				CLANG_WARN_COMMA = YES;
				CLANG_WARN_CONSTANT_CONVERSION = YES;
				CLANG_WARN_DIRECT_OBJC_ISA_USAGE = YES_ERROR;
				CLANG_WARN_DOCUMENTATION_COMMENTS = YES;
				CLANG_WARN_EMPTY_BODY = YES;
				CLANG_WARN_ENUM_CONVERSION = YES;
				CLANG_WARN_INFINITE_RECURSION = YES;
				CLANG_WARN_INT_CONVERSION = YES;
				CLANG_WARN_NON_LITERAL_NULL_CONVERSION = YES;
				CLANG_WARN_OBJC_LITERAL_CONVERSION = YES;
				CLANG_WARN_OBJC_ROOT_CLASS = YES_ERROR;
				CLANG_WARN_RANGE_LOOP_ANALYSIS = YES;
				CLANG_WARN_STRICT_PROTOTYPES = YES;
				CLANG_WARN_SUSPICIOUS_MOVE = YES;
				CLANG_WARN_UNGUARDED_AVAILABILITY = YES_AGGRESSIVE;
				CLANG_WARN_UNREACHABLE_CODE = YES;
				CLANG_WARN__DUPLICATE_METHOD_MATCH = YES;
				CODE_SIGN_IDENTITY = "iPhone Developer";
				COPY_PHASE_STRIP = NO;
				DEBUG_INFORMATION_FORMAT = "dwarf-with-dsym";
				ENABLE_NS_ASSERTIONS = NO;
				ENABLE_STRICT_OBJC_MSGSEND = YES;
				GCC_C_LANGUAGE_STANDARD = gnu11;
				GCC_NO_COMMON_BLOCKS = YES;
				GCC_WARN_64_TO_32_BIT_CONVERSION = YES;
				GCC_WARN_ABOUT_RETURN_TYPE = YES_ERROR;
				GCC_WARN_UNDECLARED_SELECTOR = YES;
				GCC_WARN_UNINITIALIZED_AUTOS = YES_AGGRESSIVE;
				GCC_WARN_UNUSED_FUNCTION = YES;
				GCC_WARN_UNUSED_VARIABLE = YES;
				IPHONEOS_DEPLOYMENT_TARGET = 11.2;
				MTL_ENABLE_DEBUG_INFO = NO;
				SDKROOT = iphoneos;
				SWIFT_OPTIMIZATION_LEVEL = "-Owholemodule";
				VALIDATE_PRODUCT = YES;
			};
			name = Release;
		};
		951E475D204EE4A30047B98D /* Debug */ = {
			isa = XCBuildConfiguration;
			buildSettings = {
				ASSETCATALOG_COMPILER_APPICON_NAME = AppIcon;
				CODE_SIGN_STYLE = Automatic;
				DEVELOPMENT_TEAM = VXHRYWGEB4;
				INFOPLIST_FILE = ExpandableTableViewExample/Info.plist;
				LD_RUNPATH_SEARCH_PATHS = "$(inherited) @executable_path/Frameworks";
				PRODUCT_BUNDLE_IDENTIFIER = com.try.prakhar.ExpandableTableViewExample;
				PRODUCT_NAME = "$(TARGET_NAME)";
				SWIFT_VERSION = 4.0;
				TARGETED_DEVICE_FAMILY = "1,2";
			};
			name = Debug;
		};
		951E475E204EE4A30047B98D /* Release */ = {
			isa = XCBuildConfiguration;
			buildSettings = {
				ASSETCATALOG_COMPILER_APPICON_NAME = AppIcon;
				CODE_SIGN_STYLE = Automatic;
				DEVELOPMENT_TEAM = VXHRYWGEB4;
				INFOPLIST_FILE = ExpandableTableViewExample/Info.plist;
				LD_RUNPATH_SEARCH_PATHS = "$(inherited) @executable_path/Frameworks";
				PRODUCT_BUNDLE_IDENTIFIER = com.try.prakhar.ExpandableTableViewExample;
				PRODUCT_NAME = "$(TARGET_NAME)";
				SWIFT_VERSION = 4.0;
				TARGETED_DEVICE_FAMILY = "1,2";
			};
			name = Release;
		};
/* End XCBuildConfiguration section */

/* Begin XCConfigurationList section */
		951E4745204EE4A30047B98D /* Build configuration list for PBXProject "ExpandableTableViewExample" */ = {
			isa = XCConfigurationList;
			buildConfigurations = (
				951E475A204EE4A30047B98D /* Debug */,
				951E475B204EE4A30047B98D /* Release */,
			);
			defaultConfigurationIsVisible = 0;
			defaultConfigurationName = Release;
		};
		951E475C204EE4A30047B98D /* Build configuration list for PBXNativeTarget "ExpandableTableViewExample" */ = {
			isa = XCConfigurationList;
			buildConfigurations = (
				951E475D204EE4A30047B98D /* Debug */,
				951E475E204EE4A30047B98D /* Release */,
			);
			defaultConfigurationIsVisible = 0;
			defaultConfigurationName = Release;
		};
/* End XCConfigurationList section */
	};
	rootObject = 951E4742204EE4A30047B98D /* Project object */;
}
